
Microsoft Visual Studio Solution File, Format Version 12.00
# Visual Studio 15
Project("{FAE04EC0-301F-11D3-BF4B-00C04F79EFBC}") = "Assembly-CSharp", "Assembly-CSharp.csproj", "{073E466A-7878-07EC-28A6-BB21CE7EB415}"
EndProject
Project("{FAE04EC0-301F-11D3-BF4B-00C04F79EFBC}") = "Assembly-CSharp-Editor", "Assembly-CSharp-Editor.csproj", "{DBF56BCF-3E04-4235-E554-3B3E21E22DBF}"
EndProject
Global
	GlobalSection(SolutionConfigurationPlatforms) = preSolution
		Debug|Any CPU = Debug|Any CPU
		Release|Any CPU = Release|Any CPU
	EndGlobalSection
	GlobalSection(ProjectConfigurationPlatforms) = postSolution
		{073E466A-7878-07EC-28A6-BB21CE7EB415}.Debug|Any CPU.ActiveCfg = Debug|Any CPU
		{073E466A-7878-07EC-28A6-BB21CE7EB415}.Debug|Any CPU.Build.0 = Debug|Any CPU
		{073E466A-7878-07EC-28A6-BB21CE7EB415}.Release|Any CPU.ActiveCfg = Release|Any CPU
		{073E466A-7878-07EC-28A6-BB21CE7EB415}.Release|Any CPU.Build.0 = Release|Any CPU
		{DBF56BCF-3E04-4235-E554-3B3E21E22DBF}.Debug|Any CPU.ActiveCfg = Debug|Any CPU
		{DBF56BCF-3E04-4235-E554-3B3E21E22DBF}.Debug|Any CPU.Build.0 = Debug|Any CPU
		{DBF56BCF-3E04-4235-E554-3B3E21E22DBF}.Release|Any CPU.ActiveCfg = Release|Any CPU
		{DBF56BCF-3E04-4235-E554-3B3E21E22DBF}.Release|Any CPU.Build.0 = Release|Any CPU
	EndGlobalSection
	GlobalSection(SolutionProperties) = preSolution
		HideSolutionNode = FALSE
	EndGlobalSection
EndGlobal
